{
  "name": "HighchartTest",
  "version": "1.0.0",
  "lockfileVersion": 1,
  "requires": true,
  "dependencies": {
    "highcharts": {
      "version": "8.1.1",
      "resolved": "https://registry.npmjs.org/highcharts/-/highcharts-8.1.1.tgz",
      "integrity": "sha512-DSkI+fAqkqYDslOVLcEk8DX7W9itRIwzsdS0uVEOnVf0LF1hSKZtDINHP7ze/uBN9NdWQV9HydtiPTrkLx0lXg=="
    }
  }
}
